{
    "_meta": {
        "hash": {
            "sha256": "133e3699a98370467f42e26b4832c18c9764636a4a5e47ddc1af66b85c090ce3"
        },
        "pipfile-spec": 6,
        "requires": {},
        "sources": [
            {
                "name": "pypi",
                "url": "https://pypi.org/simple",
                "verify_ssl": true
            }
        ]
    },
    "default": {
        "parametrize": {
            "hashes": [
                "sha256:618fc00d15a03df7177691e83e59aeb976b20c410ce39af5063d1839a4673645",
                "sha256:d7ac0f61b781d1eadfa81d9e57ea80d5e184078e1976b7bb052ab682d9ef35de"
            ],
            "index": "pypi",
            "version": "==0.1.1"
        }
    },
    "develop": {}
}
